
Microsoft Visual Studio Solution File, Format Version 12.00
# Visual Studio Version 17
VisualStudioVersion = 17.4.33403.182
MinimumVisualStudioVersion = 10.0.40219.1
Project("{54A90642-561A-4BB1-A94E-469ADEE60C69}") = "dashboard-dw", "dashboard-dw\dashboard-dw.esproj", "{15744AB6-257C-4E11-AC71-DE5715C3B626}"
EndProject
Project("{FAE04EC0-301F-11D3-BF4B-00C04F79EFBC}") = "dashboard-dw-back", "dashboard-dw-back\dashboard-dw-back.csproj", "{DF045152-E6F2-4F39-B3FF-BFE8D6F87387}"
EndProject
Global
	GlobalSection(SolutionConfigurationPlatforms) = preSolution
		Debug|Any CPU = Debug|Any CPU
		Release|Any CPU = Release|Any CPU
	EndGlobalSection
	GlobalSection(ProjectConfigurationPlatforms) = postSolution
		{15744AB6-257C-4E11-AC71-DE5715C3B626}.Debug|Any CPU.ActiveCfg = Debug|Any CPU
		{15744AB6-257C-4E11-AC71-DE5715C3B626}.Debug|Any CPU.Build.0 = Debug|Any CPU
		{15744AB6-257C-4E11-AC71-DE5715C3B626}.Debug|Any CPU.Deploy.0 = Debug|Any CPU
		{15744AB6-257C-4E11-AC71-DE5715C3B626}.Release|Any CPU.ActiveCfg = Release|Any CPU
		{15744AB6-257C-4E11-AC71-DE5715C3B626}.Release|Any CPU.Build.0 = Release|Any CPU
		{15744AB6-257C-4E11-AC71-DE5715C3B626}.Release|Any CPU.Deploy.0 = Release|Any CPU
		{DF045152-E6F2-4F39-B3FF-BFE8D6F87387}.Debug|Any CPU.ActiveCfg = Debug|Any CPU
		{DF045152-E6F2-4F39-B3FF-BFE8D6F87387}.Debug|Any CPU.Build.0 = Debug|Any CPU
		{DF045152-E6F2-4F39-B3FF-BFE8D6F87387}.Release|Any CPU.ActiveCfg = Release|Any CPU
		{DF045152-E6F2-4F39-B3FF-BFE8D6F87387}.Release|Any CPU.Build.0 = Release|Any CPU
	EndGlobalSection
	GlobalSection(SolutionProperties) = preSolution
		HideSolutionNode = FALSE
	EndGlobalSection
	GlobalSection(ExtensibilityGlobals) = postSolution
		SolutionGuid = {6AD164D8-149D-49CD-A925-EBE16220E415}
	EndGlobalSection
EndGlobal
